
Microsoft Visual Studio Solution File, Format Version 12.00
# Visual Studio 15
VisualStudioVersion = 15.0.26730.8
MinimumVisualStudioVersion = 10.0.40219.1
Project("{9A19103F-16F7-4668-BE54-9A1E7A4F7556}") = "TwicasDotNet", "TwicasDotNet\TwicasDotNet.csproj", "{EEDA6918-1F14-47F5-9BE8-16F815BAC2CB}"
EndProject
Project("{FAE04EC0-301F-11D3-BF4B-00C04F79EFBC}") = "TwicasDotNet.Test", "TwicasDotNet.Test\TwicasDotNet.Test.csproj", "{2E3DF5C2-8A38-4A03-86D7-8D463C917E47}"
EndProject
Project("{FAE04EC0-301F-11D3-BF4B-00C04F79EFBC}") = "TwicasDotNet.Sample", "TwicasDotNet.Sample\TwicasDotNet.Sample.csproj", "{99C9E82C-C594-446D-AA59-8FFBC43AD226}"
EndProject
Global
	GlobalSection(SolutionConfigurationPlatforms) = preSolution
		Debug|Any CPU = Debug|Any CPU
		Release|Any CPU = Release|Any CPU
	EndGlobalSection
	GlobalSection(ProjectConfigurationPlatforms) = postSolution
		{EEDA6918-1F14-47F5-9BE8-16F815BAC2CB}.Debug|Any CPU.ActiveCfg = Debug|Any CPU
		{EEDA6918-1F14-47F5-9BE8-16F815BAC2CB}.Debug|Any CPU.Build.0 = Debug|Any CPU
		{EEDA6918-1F14-47F5-9BE8-16F815BAC2CB}.Release|Any CPU.ActiveCfg = Release|Any CPU
		{EEDA6918-1F14-47F5-9BE8-16F815BAC2CB}.Release|Any CPU.Build.0 = Release|Any CPU
		{2E3DF5C2-8A38-4A03-86D7-8D463C917E47}.Debug|Any CPU.ActiveCfg = Debug|Any CPU
		{2E3DF5C2-8A38-4A03-86D7-8D463C917E47}.Debug|Any CPU.Build.0 = Debug|Any CPU
		{2E3DF5C2-8A38-4A03-86D7-8D463C917E47}.Release|Any CPU.ActiveCfg = Release|Any CPU
		{2E3DF5C2-8A38-4A03-86D7-8D463C917E47}.Release|Any CPU.Build.0 = Release|Any CPU
		{99C9E82C-C594-446D-AA59-8FFBC43AD226}.Debug|Any CPU.ActiveCfg = Debug|Any CPU
		{99C9E82C-C594-446D-AA59-8FFBC43AD226}.Release|Any CPU.ActiveCfg = Release|Any CPU
		{99C9E82C-C594-446D-AA59-8FFBC43AD226}.Release|Any CPU.Build.0 = Release|Any CPU
	EndGlobalSection
	GlobalSection(SolutionProperties) = preSolution
		HideSolutionNode = FALSE
	EndGlobalSection
	GlobalSection(ExtensibilityGlobals) = postSolution
		SolutionGuid = {28B1DD1C-4AC5-45E9-B2D7-D900B3C2584F}
	EndGlobalSection
EndGlobal
